<?xml version="1.0" encoding="utf-8"?>
<Project ToolsVersion="4.0" xmlns="http://schemas.microsoft.com/developer/msbuild/2003">
  <ItemGroup>
    <Filter Include="资源文件">
      <UniqueIdentifier>{67DA6AB6-F800-4c08-8B7A-83BB121AAD01}</UniqueIdentifier>
      <Extensions>rc;ico;cur;bmp;dlg;rc2;rct;bin;rgs;gif;jpg;jpeg;jpe;resx;tiff;tif;png;wav;mfcribbon-ms</Extensions>
    </Filter>
    <Filter Include="BackGround">
      <UniqueIdentifier>{6cc500ae-2172-4473-ad75-9b14a8b2f470}</UniqueIdentifier>
    </Filter>
    <Filter Include="FoePlaneBox">
      <UniqueIdentifier>{3bbe5ded-eb43-420e-af3e-98582600edcb}</UniqueIdentifier>
    </Filter>
    <Filter Include="PlaneApp">
      <UniqueIdentifier>{9c005ffd-3e34-4581-ad51-d3ec73f35789}</UniqueIdentifier>
    </Filter>
    <Filter Include="GunnerBox">
      <UniqueIdentifier>{4698452e-69a6-4dd0-9f9a-590b231403d2}</UniqueIdentifier>
    </Filter>
    <Filter Include="GameConfig">
      <UniqueIdentifier>{d80d74fe-2750-4b67-91ec-b6101e2996e0}</UniqueIdentifier>
    </Filter>
    <Filter Include="GameFrame">
      <UniqueIdentifier>{e625cd14-1ac7-49c0-8dbb-115211180166}</UniqueIdentifier>
    </Filter>
    <Filter Include="PlayerPlane">
      <UniqueIdentifier>{c398604e-5384-472c-9167-9aec66cd901e}</UniqueIdentifier>
    </Filter>
  </ItemGroup>
  <ItemGroup>
    <ClCompile Include="BackGround\BackGround.cpp">
      <Filter>BackGround</Filter>
    </ClCompile>
    <ClCompile Include="FoePlaneBox\FoePlane.cpp">
      <Filter>FoePlaneBox</Filter>
    </ClCompile>
    <ClCompile Include="FoePlaneBox\FoePlaneBig.cpp">
      <Filter>FoePlaneBox</Filter>
    </ClCompile>
    <ClCompile Include="FoePlaneBox\FoePlaneMid.cpp">
      <Filter>FoePlaneBox</Filter>
    </ClCompile>
    <ClCompile Include="FoePlaneBox\FoePlaneSma.cpp">
      <Filter>FoePlaneBox</Filter>
    </ClCompile>
    <ClCompile Include="GunnerBox\Gunner.cpp">
      <Filter>GunnerBox</Filter>
    </ClCompile>
    <ClCompile Include="GunnerBox\GunnerBox.cpp">
      <Filter>GunnerBox</Filter>
    </ClCompile>
    <ClCompile Include="GameFrame\main.cpp">
      <Filter>GameFrame</Filter>
    </ClCompile>
    <ClCompile Include="PlayerPlane\PlayerPlane.cpp">
      <Filter>PlayerPlane</Filter>
    </ClCompile>
    <ClCompile Include="PlaneApp\PlaneApp.cpp">
      <Filter>PlaneApp</Filter>
    </ClCompile>
    <ClCompile Include="FoePlaneBox\FoePlaneBox.cpp">
      <Filter>FoePlaneBox</Filter>
    </ClCompile>
  </ItemGroup>
  <ItemGroup>
    <ClInclude Include="BackGround\BackGround.h">
      <Filter>BackGround</Filter>
    </ClInclude>
    <ClInclude Include="FoePlaneBox\FoePlane.h">
      <Filter>FoePlaneBox</Filter>
    </ClInclude>
    <ClInclude Include="FoePlaneBox\FoePlaneBig.h">
      <Filter>FoePlaneBox</Filter>
    </ClInclude>
    <ClInclude Include="FoePlaneBox\FoePlaneMid.h">
      <Filter>FoePlaneBox</Filter>
    </ClInclude>
    <ClInclude Include="FoePlaneBox\FoePlaneSma.h">
      <Filter>FoePlaneBox</Filter>
    </ClInclude>
    <ClInclude Include="GunnerBox\Gunner.h">
      <Filter>GunnerBox</Filter>
    </ClInclude>
    <ClInclude Include="GunnerBox\GunnerBox.h">
      <Filter>GunnerBox</Filter>
    </ClInclude>
    <ClInclude Include="GameConfig\GameConfig.h">
      <Filter>GameConfig</Filter>
    </ClInclude>
    <ClInclude Include="GameFrame\GameFrame.h">
      <Filter>GameFrame</Filter>
    </ClInclude>
    <ClInclude Include="PlayerPlane\PlayerPlane.h">
      <Filter>PlayerPlane</Filter>
    </ClInclude>
    <ClInclude Include="PlaneApp\PlaneApp.h">
      <Filter>PlaneApp</Filter>
    </ClInclude>
    <ClInclude Include="FoePlaneBox\FoePlaneBox.h">
      <Filter>FoePlaneBox</Filter>
    </ClInclude>
  </ItemGroup>
  <ItemGroup>
    <Media Include="res\boom.mp3">
      <Filter>资源文件</Filter>
    </Media>
    <Media Include="res\boost.mp3">
      <Filter>资源文件</Filter>
    </Media>
    <Media Include="res\playerBk.mp3">
      <Filter>资源文件</Filter>
    </Media>
  </ItemGroup>
  <ItemGroup>
    <Image Include="res\cardboard.png">
      <Filter>资源文件</Filter>
    </Image>
    <Image Include="res\flame.jpg">
      <Filter>资源文件</Filter>
    </Image>
    <Image Include="res\foeplanebig.jpg">
      <Filter>资源文件</Filter>
    </Image>
    <Image Include="res\foeplanemid.jpg">
      <Filter>资源文件</Filter>
    </Image>
    <Image Include="res\foeplanesma.jpg">
      <Filter>资源文件</Filter>
    </Image>
    <Image Include="res\gunner.jpg">
      <Filter>资源文件</Filter>
    </Image>
    <Image Include="res\playerplane.jpg">
      <Filter>资源文件</Filter>
    </Image>
    <Image Include="res\playerplane-mask.jpg">
      <Filter>资源文件</Filter>
    </Image>
    <Image Include="res\背景.jpg">
      <Filter>资源文件</Filter>
    </Image>
  </ItemGroup>
</Project>